
Microsoft Visual Studio Solution File, Format Version 12.00
# Visual Studio Version 16
VisualStudioVersion = 16.0.30204.135
MinimumVisualStudioVersion = 10.0.40219.1
Project("{FAE04EC0-301F-11D3-BF4B-00C04F79EFBC}") = "Statistika_IT1A", "Statistika_IT1A\Statistika_IT1A.csproj", "{A75C21DB-4C4D-43D7-98F7-0C61CB36FC69}"
EndProject
Global
	GlobalSection(SolutionConfigurationPlatforms) = preSolution
		Debug|Any CPU = Debug|Any CPU
		Release|Any CPU = Release|Any CPU
	EndGlobalSection
	GlobalSection(ProjectConfigurationPlatforms) = postSolution
		{A75C21DB-4C4D-43D7-98F7-0C61CB36FC69}.Debug|Any CPU.ActiveCfg = Debug|Any CPU
		{A75C21DB-4C4D-43D7-98F7-0C61CB36FC69}.Debug|Any CPU.Build.0 = Debug|Any CPU
		{A75C21DB-4C4D-43D7-98F7-0C61CB36FC69}.Release|Any CPU.ActiveCfg = Release|Any CPU
		{A75C21DB-4C4D-43D7-98F7-0C61CB36FC69}.Release|Any CPU.Build.0 = Release|Any CPU
	EndGlobalSection
	GlobalSection(SolutionProperties) = preSolution
		HideSolutionNode = FALSE
	EndGlobalSection
	GlobalSection(ExtensibilityGlobals) = postSolution
		SolutionGuid = {5D2DA0DC-710F-4346-98CC-5EC695F9B245}
	EndGlobalSection
EndGlobal
